
Microsoft Visual Studio Solution File, Format Version 12.00
# Visual Studio Version 16
VisualStudioVersion = 16.0.30204.135
MinimumVisualStudioVersion = 10.0.40219.1
Project("{FAE04EC0-301F-11D3-BF4B-00C04F79EFBC}") = "Puzzle15", "Puzzle15.csproj", "{CA6D63D3-D0AD-46A5-B505-CFA86CF6949C}"
EndProject
Global
	GlobalSection(SolutionConfigurationPlatforms) = preSolution
		Debug|Any CPU = Debug|Any CPU
		Release|Any CPU = Release|Any CPU
	EndGlobalSection
	GlobalSection(ProjectConfigurationPlatforms) = postSolution
		{CA6D63D3-D0AD-46A5-B505-CFA86CF6949C}.Debug|Any CPU.ActiveCfg = Debug|Any CPU
		{CA6D63D3-D0AD-46A5-B505-CFA86CF6949C}.Debug|Any CPU.Build.0 = Debug|Any CPU
		{CA6D63D3-D0AD-46A5-B505-CFA86CF6949C}.Release|Any CPU.ActiveCfg = Release|Any CPU
		{CA6D63D3-D0AD-46A5-B505-CFA86CF6949C}.Release|Any CPU.Build.0 = Release|Any CPU
	EndGlobalSection
	GlobalSection(SolutionProperties) = preSolution
		HideSolutionNode = FALSE
	EndGlobalSection
	GlobalSection(ExtensibilityGlobals) = postSolution
		SolutionGuid = {B7300DF9-E45B-4C76-9E38-456E51C8B43B}
	EndGlobalSection
EndGlobal
